
Microsoft Visual Studio Solution File, Format Version 12.00
# Visual Studio Version 17
VisualStudioVersion = 17.13.35828.75 d17.13
MinimumVisualStudioVersion = 10.0.40219.1
Project("{FAE04EC0-301F-11D3-BF4B-00C04F79EFBC}") = "Task 2 ThreadSafeCounter", "Task 2 ThreadSafeCounter\Task 2 ThreadSafeCounter.csproj", "{E5EB4AC1-45FF-491B-9B51-D06A406D66C2}"
EndProject
Global
	GlobalSection(SolutionConfigurationPlatforms) = preSolution
		Debug|Any CPU = Debug|Any CPU
		Release|Any CPU = Release|Any CPU
	EndGlobalSection
	GlobalSection(ProjectConfigurationPlatforms) = postSolution
		{E5EB4AC1-45FF-491B-9B51-D06A406D66C2}.Debug|Any CPU.ActiveCfg = Debug|Any CPU
		{E5EB4AC1-45FF-491B-9B51-D06A406D66C2}.Debug|Any CPU.Build.0 = Debug|Any CPU
		{E5EB4AC1-45FF-491B-9B51-D06A406D66C2}.Release|Any CPU.ActiveCfg = Release|Any CPU
		{E5EB4AC1-45FF-491B-9B51-D06A406D66C2}.Release|Any CPU.Build.0 = Release|Any CPU
	EndGlobalSection
	GlobalSection(SolutionProperties) = preSolution
		HideSolutionNode = FALSE
	EndGlobalSection
	GlobalSection(ExtensibilityGlobals) = postSolution
		SolutionGuid = {7FB557B6-94AC-4635-B11E-C2446E76F6C4}
	EndGlobalSection
EndGlobal
